
Microsoft Visual Studio Solution File, Format Version 12.00
# Visual Studio Version 17
Project("{8BC9CEB8-8B4A-11D0-8D11-00A0C91BC942}") = "ALL_BUILD", "ALL_BUILD.vcxproj", "{BAD38758-E917-3CFF-AADA-AAB92D4F4F9F}"
	ProjectSection(ProjectDependencies) = postProject
		{3175CF44-D452-3D0E-A1ED-912EBF2D953F} = {3175CF44-D452-3D0E-A1ED-912EBF2D953F}
		{38A8BA0D-94F5-3BE1-8278-FD30229803A3} = {38A8BA0D-94F5-3BE1-8278-FD30229803A3}
	EndProjectSection
EndProject
Project("{8BC9CEB8-8B4A-11D0-8D11-00A0C91BC942}") = "ZERO_CHECK", "ZERO_CHECK.vcxproj", "{3175CF44-D452-3D0E-A1ED-912EBF2D953F}"
	ProjectSection(ProjectDependencies) = postProject
	EndProjectSection
EndProject
Project("{8BC9CEB8-8B4A-11D0-8D11-00A0C91BC942}") = "game_server", "game_server.vcxproj", "{38A8BA0D-94F5-3BE1-8278-FD30229803A3}"
	ProjectSection(ProjectDependencies) = postProject
		{3175CF44-D452-3D0E-A1ED-912EBF2D953F} = {3175CF44-D452-3D0E-A1ED-912EBF2D953F}
	EndProjectSection
EndProject
Global
	GlobalSection(SolutionConfigurationPlatforms) = preSolution
		Debug|x64 = Debug|x64
		Release|x64 = Release|x64
		MinSizeRel|x64 = MinSizeRel|x64
		RelWithDebInfo|x64 = RelWithDebInfo|x64
	EndGlobalSection
	GlobalSection(ProjectConfigurationPlatforms) = postSolution
		{BAD38758-E917-3CFF-AADA-AAB92D4F4F9F}.Debug|x64.ActiveCfg = Debug|x64
		{BAD38758-E917-3CFF-AADA-AAB92D4F4F9F}.Release|x64.ActiveCfg = Release|x64
		{BAD38758-E917-3CFF-AADA-AAB92D4F4F9F}.MinSizeRel|x64.ActiveCfg = MinSizeRel|x64
		{BAD38758-E917-3CFF-AADA-AAB92D4F4F9F}.RelWithDebInfo|x64.ActiveCfg = RelWithDebInfo|x64
		{3175CF44-D452-3D0E-A1ED-912EBF2D953F}.Debug|x64.ActiveCfg = Debug|x64
		{3175CF44-D452-3D0E-A1ED-912EBF2D953F}.Debug|x64.Build.0 = Debug|x64
		{3175CF44-D452-3D0E-A1ED-912EBF2D953F}.Release|x64.ActiveCfg = Release|x64
		{3175CF44-D452-3D0E-A1ED-912EBF2D953F}.Release|x64.Build.0 = Release|x64
		{3175CF44-D452-3D0E-A1ED-912EBF2D953F}.MinSizeRel|x64.ActiveCfg = MinSizeRel|x64
		{3175CF44-D452-3D0E-A1ED-912EBF2D953F}.MinSizeRel|x64.Build.0 = MinSizeRel|x64
		{3175CF44-D452-3D0E-A1ED-912EBF2D953F}.RelWithDebInfo|x64.ActiveCfg = RelWithDebInfo|x64
		{3175CF44-D452-3D0E-A1ED-912EBF2D953F}.RelWithDebInfo|x64.Build.0 = RelWithDebInfo|x64
		{38A8BA0D-94F5-3BE1-8278-FD30229803A3}.Debug|x64.ActiveCfg = Debug|x64
		{38A8BA0D-94F5-3BE1-8278-FD30229803A3}.Debug|x64.Build.0 = Debug|x64
		{38A8BA0D-94F5-3BE1-8278-FD30229803A3}.Release|x64.ActiveCfg = Release|x64
		{38A8BA0D-94F5-3BE1-8278-FD30229803A3}.Release|x64.Build.0 = Release|x64
		{38A8BA0D-94F5-3BE1-8278-FD30229803A3}.MinSizeRel|x64.ActiveCfg = MinSizeRel|x64
		{38A8BA0D-94F5-3BE1-8278-FD30229803A3}.MinSizeRel|x64.Build.0 = MinSizeRel|x64
		{38A8BA0D-94F5-3BE1-8278-FD30229803A3}.RelWithDebInfo|x64.ActiveCfg = RelWithDebInfo|x64
		{38A8BA0D-94F5-3BE1-8278-FD30229803A3}.RelWithDebInfo|x64.Build.0 = RelWithDebInfo|x64
	EndGlobalSection
	GlobalSection(ExtensibilityGlobals) = postSolution
		SolutionGuid = {A9C9FD15-8704-377D-BC36-D3865B2F39B4}
	EndGlobalSection
	GlobalSection(ExtensibilityAddIns) = postSolution
	EndGlobalSection
EndGlobal
