<?xml version="1.0" encoding="utf-8"?>
<Project ToolsVersion="17.0" xmlns="http://schemas.microsoft.com/developer/msbuild/2003">
  <ItemGroup>
    <ClCompile Include="D:\mb_workspace\farm_demo\scripts\server\game_server\src\main.cpp">
      <Filter>Source Files</Filter>
    </ClCompile>
    <ClCompile Include="D:\mb_workspace\farm_demo\scripts\server\game_server\src\game_server.cpp">
      <Filter>Source Files</Filter>
    </ClCompile>
    <ClCompile Include="D:\mb_workspace\farm_demo\scripts\server\game_server\src\gate_session.cpp">
      <Filter>Source Files</Filter>
    </ClCompile>
    <ClCompile Include="D:\mb_workspace\farm_demo\scripts\server\game_server\src\player.cpp">
      <Filter>Source Files</Filter>
    </ClCompile>
    <ClCompile Include="D:\mb_workspace\farm_demo\scripts\server\game_server\src\player_manager.cpp">
      <Filter>Source Files</Filter>
    </ClCompile>
    <ClCompile Include="D:\mb_workspace\farm_demo\scripts\server\game_server\src\message_handler.cpp">
      <Filter>Source Files</Filter>
    </ClCompile>
    <ClCompile Include="D:\mb_workspace\farm_demo\scripts\server\game_server\src\message_parser.cpp">
      <Filter>Source Files</Filter>
    </ClCompile>
    <ClCompile Include="D:\mb_workspace\farm_demo\scripts\server\game_server\src\dbmgr_connection.cpp">
      <Filter>Source Files</Filter>
    </ClCompile>
    <ClCompile Include="D:\mb_workspace\farm_demo\scripts\server\game_server\src\dbmgr_connection_manager.cpp">
      <Filter>Source Files</Filter>
    </ClCompile>
    <ClCompile Include="D:\mb_workspace\farm_demo\scripts\server\game_server\src\msvc_compat.cpp">
      <Filter>Source Files</Filter>
    </ClCompile>
    <ClCompile Include="D:\mb_workspace\farm_demo\scripts\common\proto\generated\base.pb.cc">
      <Filter>Source Files</Filter>
    </ClCompile>
    <ClCompile Include="D:\mb_workspace\farm_demo\scripts\common\proto\generated\internal.pb.cc">
      <Filter>Source Files</Filter>
    </ClCompile>
    <ClCompile Include="D:\mb_workspace\farm_demo\scripts\common\proto\generated\dbmgr.pb.cc">
      <Filter>Source Files</Filter>
    </ClCompile>
    <ClCompile Include="D:\mb_workspace\farm_demo\scripts\common\proto\generated\account.pb.cc">
      <Filter>Source Files</Filter>
    </ClCompile>
    <ClCompile Include="D:\mb_workspace\farm_demo\scripts\common\proto\generated\player.pb.cc">
      <Filter>Source Files</Filter>
    </ClCompile>
  </ItemGroup>
  <ItemGroup>
    <CustomBuild Include="D:\mb_workspace\farm_demo\scripts\server\game_server\CMakeLists.txt" />
  </ItemGroup>
  <ItemGroup>
    <Filter Include="Source Files">
      <UniqueIdentifier>{6BAED0ED-365C-3916-BFBD-7C0DB08B6733}</UniqueIdentifier>
    </Filter>
  </ItemGroup>
</Project>
